// !$*UTF8*$!
{
	archiveVersion = 1;
	classes = {
	};
	objectVersion = 46;
	objects = {

/* Begin PBXBuildFile section */
		7043749B1A94C98000E0CF57 /* MatchesTableViewController.swift in Sources */ = {isa = PBXBuildFile; fileRef = 7043749A1A94C98000E0CF57 /* MatchesTableViewController.swift */; };
		704374A01A94CDFA00E0CF57 /* MatchData.swift in Sources */ = {isa = PBXBuildFile; fileRef = 7043749F1A94CDFA00E0CF57 /* MatchData.swift */; };
		704374A41A94CE8100E0CF57 /* MatchCell.swift in Sources */ = {isa = PBXBuildFile; fileRef = 704374A31A94CE8100E0CF57 /* MatchCell.swift */; };
		704374A61A94D00700E0CF57 /* LoginViewController.swift in Sources */ = {isa = PBXBuildFile; fileRef = 704374A51A94D00700E0CF57 /* LoginViewController.swift */; };
		704C0F1E1A95044E00543164 /* GamePiece.swift in Sources */ = {isa = PBXBuildFile; fileRef = 704C0F1D1A95044E00543164 /* GamePiece.swift */; };
		704C0F201A95045900543164 /* GameBoardView.swift in Sources */ = {isa = PBXBuildFile; fileRef = 704C0F1F1A95045900543164 /* GameBoardView.swift */; };
		70BB59271A93F192004AEF4D /* AppDelegate.swift in Sources */ = {isa = PBXBuildFile; fileRef = 70BB59261A93F192004AEF4D /* AppDelegate.swift */; };
		70BB59291A93F192004AEF4D /* ViewController.swift in Sources */ = {isa = PBXBuildFile; fileRef = 70BB59281A93F192004AEF4D /* ViewController.swift */; };
		70BB592C1A93F192004AEF4D /* Main.storyboard in Resources */ = {isa = PBXBuildFile; fileRef = 70BB592A1A93F192004AEF4D /* Main.storyboard */; };
		70BB592E1A93F192004AEF4D /* Images.xcassets in Resources */ = {isa = PBXBuildFile; fileRef = 70BB592D1A93F192004AEF4D /* Images.xcassets */; };
		70BB59311A93F192004AEF4D /* LaunchScreen.xib in Resources */ = {isa = PBXBuildFile; fileRef = 70BB592F1A93F192004AEF4D /* LaunchScreen.xib */; };
		70BB593D1A93F192004AEF4D /* CheckersTests.swift in Sources */ = {isa = PBXBuildFile; fileRef = 70BB593C1A93F192004AEF4D /* CheckersTests.swift */; };
		70BB59471A93F200004AEF4D /* API.swift in Sources */ = {isa = PBXBuildFile; fileRef = 70BB59461A93F200004AEF4D /* API.swift */; };
/* End PBXBuildFile section */

/* Begin PBXContainerItemProxy section */
		70BB59371A93F192004AEF4D /* PBXContainerItemProxy */ = {
			isa = PBXContainerItemProxy;
			containerPortal = 70BB59191A93F192004AEF4D /* Project object */;
			proxyType = 1;
			remoteGlobalIDString = 70BB59201A93F192004AEF4D;
			remoteInfo = Checkers;
		};
/* End PBXContainerItemProxy section */

/* Begin PBXFileReference section */
		7043749A1A94C98000E0CF57 /* MatchesTableViewController.swift */ = {isa = PBXFileReference; fileEncoding = 4; lastKnownFileType = sourcecode.swift; path = MatchesTableViewController.swift; sourceTree = "<group>"; };
		7043749F1A94CDFA00E0CF57 /* MatchData.swift */ = {isa = PBXFileReference; fileEncoding = 4; lastKnownFileType = sourcecode.swift; path = MatchData.swift; sourceTree = "<group>"; };
		704374A31A94CE8100E0CF57 /* MatchCell.swift */ = {isa = PBXFileReference; fileEncoding = 4; lastKnownFileType = sourcecode.swift; path = MatchCell.swift; sourceTree = "<group>"; };
		704374A51A94D00700E0CF57 /* LoginViewController.swift */ = {isa = PBXFileReference; fileEncoding = 4; lastKnownFileType = sourcecode.swift; path = LoginViewController.swift; sourceTree = "<group>"; };
		704C0F1D1A95044E00543164 /* GamePiece.swift */ = {isa = PBXFileReference; fileEncoding = 4; lastKnownFileType = sourcecode.swift; path = GamePiece.swift; sourceTree = "<group>"; };
		704C0F1F1A95045900543164 /* GameBoardView.swift */ = {isa = PBXFileReference; fileEncoding = 4; lastKnownFileType = sourcecode.swift; path = GameBoardView.swift; sourceTree = "<group>"; };
		70BB59211A93F192004AEF4D /* Checkers.app */ = {isa = PBXFileReference; explicitFileType = wrapper.application; includeInIndex = 0; path = Checkers.app; sourceTree = BUILT_PRODUCTS_DIR; };
		70BB59251A93F192004AEF4D /* Info.plist */ = {isa = PBXFileReference; lastKnownFileType = text.plist.xml; path = Info.plist; sourceTree = "<group>"; };
		70BB59261A93F192004AEF4D /* AppDelegate.swift */ = {isa = PBXFileReference; lastKnownFileType = sourcecode.swift; path = AppDelegate.swift; sourceTree = "<group>"; };
		70BB59281A93F192004AEF4D /* ViewController.swift */ = {isa = PBXFileReference; lastKnownFileType = sourcecode.swift; path = ViewController.swift; sourceTree = "<group>"; };
		70BB592B1A93F192004AEF4D /* Base */ = {isa = PBXFileReference; lastKnownFileType = file.storyboard; name = Base; path = Base.lproj/Main.storyboard; sourceTree = "<group>"; };
		70BB592D1A93F192004AEF4D /* Images.xcassets */ = {isa = PBXFileReference; lastKnownFileType = folder.assetcatalog; path = Images.xcassets; sourceTree = "<group>"; };
		70BB59301A93F192004AEF4D /* Base */ = {isa = PBXFileReference; lastKnownFileType = file.xib; name = Base; path = Base.lproj/LaunchScreen.xib; sourceTree = "<group>"; };
		70BB59361A93F192004AEF4D /* CheckersTests.xctest */ = {isa = PBXFileReference; explicitFileType = wrapper.cfbundle; includeInIndex = 0; path = CheckersTests.xctest; sourceTree = BUILT_PRODUCTS_DIR; };
		70BB593B1A93F192004AEF4D /* Info.plist */ = {isa = PBXFileReference; lastKnownFileType = text.plist.xml; path = Info.plist; sourceTree = "<group>"; };
		70BB593C1A93F192004AEF4D /* CheckersTests.swift */ = {isa = PBXFileReference; lastKnownFileType = sourcecode.swift; path = CheckersTests.swift; sourceTree = "<group>"; };
		70BB59461A93F200004AEF4D /* API.swift */ = {isa = PBXFileReference; fileEncoding = 4; lastKnownFileType = sourcecode.swift; path = API.swift; sourceTree = "<group>"; };
/* End PBXFileReference section */

/* Begin PBXFrameworksBuildPhase section */
		70BB591E1A93F192004AEF4D /* Frameworks */ = {
			isa = PBXFrameworksBuildPhase;
			buildActionMask = 2147483647;
			files = (
			);
			runOnlyForDeploymentPostprocessing = 0;
		};
		70BB59331A93F192004AEF4D /* Frameworks */ = {
			isa = PBXFrameworksBuildPhase;
			buildActionMask = 2147483647;
			files = (
			);
			runOnlyForDeploymentPostprocessing = 0;
		};
/* End PBXFrameworksBuildPhase section */

/* Begin PBXGroup section */
		7043749E1A94CD6800E0CF57 /* Models */ = {
			isa = PBXGroup;
			children = (
				70BB59461A93F200004AEF4D /* API.swift */,
				7043749F1A94CDFA00E0CF57 /* MatchData.swift */,
			);
			name = Models;
			sourceTree = "<group>";
		};
		70BB59181A93F192004AEF4D = {
			isa = PBXGroup;
			children = (
				70BB59231A93F192004AEF4D /* Checkers */,
				70BB59391A93F192004AEF4D /* CheckersTests */,
				70BB59221A93F192004AEF4D /* Products */,
			);
			sourceTree = "<group>";
		};
		70BB59221A93F192004AEF4D /* Products */ = {
			isa = PBXGroup;
			children = (
				70BB59211A93F192004AEF4D /* Checkers.app */,
				70BB59361A93F192004AEF4D /* CheckersTests.xctest */,
			);
			name = Products;
			sourceTree = "<group>";
		};
		70BB59231A93F192004AEF4D /* Checkers */ = {
			isa = PBXGroup;
			children = (
				704C0F1D1A95044E00543164 /* GamePiece.swift */,
				704C0F1F1A95045900543164 /* GameBoardView.swift */,
				7043749A1A94C98000E0CF57 /* MatchesTableViewController.swift */,
				704374A31A94CE8100E0CF57 /* MatchCell.swift */,
				70BB59281A93F192004AEF4D /* ViewController.swift */,
				704374A51A94D00700E0CF57 /* LoginViewController.swift */,
				70BB592A1A93F192004AEF4D /* Main.storyboard */,
				7043749E1A94CD6800E0CF57 /* Models */,
				70BB59241A93F192004AEF4D /* Supporting Files */,
			);
			path = Checkers;
			sourceTree = "<group>";
		};
		70BB59241A93F192004AEF4D /* Supporting Files */ = {
			isa = PBXGroup;
			children = (
				70BB592D1A93F192004AEF4D /* Images.xcassets */,
				70BB592F1A93F192004AEF4D /* LaunchScreen.xib */,
				70BB59261A93F192004AEF4D /* AppDelegate.swift */,
				70BB59251A93F192004AEF4D /* Info.plist */,
			);
			name = "Supporting Files";
			sourceTree = "<group>";
		};
		70BB59391A93F192004AEF4D /* CheckersTests */ = {
			isa = PBXGroup;
			children = (
				70BB593C1A93F192004AEF4D /* CheckersTests.swift */,
				70BB593A1A93F192004AEF4D /* Supporting Files */,
			);
			path = CheckersTests;
			sourceTree = "<group>";
		};
		70BB593A1A93F192004AEF4D /* Supporting Files */ = {
			isa = PBXGroup;
			children = (
				70BB593B1A93F192004AEF4D /* Info.plist */,
			);
			name = "Supporting Files";
			sourceTree = "<group>";
		};
/* End PBXGroup section */

/* Begin PBXNativeTarget section */
		70BB59201A93F192004AEF4D /* Checkers */ = {
			isa = PBXNativeTarget;
			buildConfigurationList = 70BB59401A93F192004AEF4D /* Build configuration list for PBXNativeTarget "Checkers" */;
			buildPhases = (
				70BB591D1A93F192004AEF4D /* Sources */,
				70BB591E1A93F192004AEF4D /* Frameworks */,
				70BB591F1A93F192004AEF4D /* Resources */,
			);
			buildRules = (
			);
			dependencies = (
			);
			name = Checkers;
			productName = Checkers;
			productReference = 70BB59211A93F192004AEF4D /* Checkers.app */;
			productType = "com.apple.product-type.application";
		};
		70BB59351A93F192004AEF4D /* CheckersTests */ = {
			isa = PBXNativeTarget;
			buildConfigurationList = 70BB59431A93F192004AEF4D /* Build configuration list for PBXNativeTarget "CheckersTests" */;
			buildPhases = (
				70BB59321A93F192004AEF4D /* Sources */,
				70BB59331A93F192004AEF4D /* Frameworks */,
				70BB59341A93F192004AEF4D /* Resources */,
			);
			buildRules = (
			);
			dependencies = (
				70BB59381A93F192004AEF4D /* PBXTargetDependency */,
			);
			name = CheckersTests;
			productName = CheckersTests;
			productReference = 70BB59361A93F192004AEF4D /* CheckersTests.xctest */;
			productType = "com.apple.product-type.bundle.unit-test";
		};
/* End PBXNativeTarget section */

/* Begin PBXProject section */
		70BB59191A93F192004AEF4D /* Project object */ = {
			isa = PBXProject;
			attributes = {
				LastUpgradeCheck = 0610;
				ORGANIZATIONNAME = "Jeanie House";
				TargetAttributes = {
					70BB59201A93F192004AEF4D = {
						CreatedOnToolsVersion = 6.1.1;
					};
					70BB59351A93F192004AEF4D = {
						CreatedOnToolsVersion = 6.1.1;
						TestTargetID = 70BB59201A93F192004AEF4D;
					};
				};
			};
			buildConfigurationList = 70BB591C1A93F192004AEF4D /* Build configuration list for PBXProject "Checkers" */;
			compatibilityVersion = "Xcode 3.2";
			developmentRegion = English;
			hasScannedForEncodings = 0;
			knownRegions = (
				en,
				Base,
			);
			mainGroup = 70BB59181A93F192004AEF4D;
			productRefGroup = 70BB59221A93F192004AEF4D /* Products */;
			projectDirPath = "";
			projectRoot = "";
			targets = (
				70BB59201A93F192004AEF4D /* Checkers */,
				70BB59351A93F192004AEF4D /* CheckersTests */,
			);
		};
/* End PBXProject section */

/* Begin PBXResourcesBuildPhase section */
		70BB591F1A93F192004AEF4D /* Resources */ = {
			isa = PBXResourcesBuildPhase;
			buildActionMask = 2147483647;
			files = (
				70BB592C1A93F192004AEF4D /* Main.storyboard in Resources */,
				70BB59311A93F192004AEF4D /* LaunchScreen.xib in Resources */,
				70BB592E1A93F192004AEF4D /* Images.xcassets in Resources */,
			);
			runOnlyForDeploymentPostprocessing = 0;
		};
		70BB59341A93F192004AEF4D /* Resources */ = {
			isa = PBXResourcesBuildPhase;
			buildActionMask = 2147483647;
			files = (
			);
			runOnlyForDeploymentPostprocessing = 0;
		};
/* End PBXResourcesBuildPhase section */

/* Begin PBXSourcesBuildPhase section */
		70BB591D1A93F192004AEF4D /* Sources */ = {
			isa = PBXSourcesBuildPhase;
			buildActionMask = 2147483647;
			files = (
				704374A61A94D00700E0CF57 /* LoginViewController.swift in Sources */,
				70BB59291A93F192004AEF4D /* ViewController.swift in Sources */,
				704C0F1E1A95044E00543164 /* GamePiece.swift in Sources */,
				70BB59471A93F200004AEF4D /* API.swift in Sources */,
				7043749B1A94C98000E0CF57 /* MatchesTableViewController.swift in Sources */,
				704C0F201A95045900543164 /* GameBoardView.swift in Sources */,
				704374A41A94CE8100E0CF57 /* MatchCell.swift in Sources */,
				70BB59271A93F192004AEF4D /* AppDelegate.swift in Sources */,
				704374A01A94CDFA00E0CF57 /* MatchData.swift in Sources */,
			);
			runOnlyForDeploymentPostprocessing = 0;
		};
		70BB59321A93F192004AEF4D /* Sources */ = {
			isa = PBXSourcesBuildPhase;
			buildActionMask = 2147483647;
			files = (
				70BB593D1A93F192004AEF4D /* CheckersTests.swift in Sources */,
			);
			runOnlyForDeploymentPostprocessing = 0;
		};
/* End PBXSourcesBuildPhase section */

/* Begin PBXTargetDependency section */
		70BB59381A93F192004AEF4D /* PBXTargetDependency */ = {
			isa = PBXTargetDependency;
			target = 70BB59201A93F192004AEF4D /* Checkers */;
			targetProxy = 70BB59371A93F192004AEF4D /* PBXContainerItemProxy */;
		};
/* End PBXTargetDependency section */

/* Begin PBXVariantGroup section */
		70BB592A1A93F192004AEF4D /* Main.storyboard */ = {
			isa = PBXVariantGroup;
			children = (
				70BB592B1A93F192004AEF4D /* Base */,
			);
			name = Main.storyboard;
			sourceTree = "<group>";
		};
		70BB592F1A93F192004AEF4D /* LaunchScreen.xib */ = {
			isa = PBXVariantGroup;
			children = (
				70BB59301A93F192004AEF4D /* Base */,
			);
			name = LaunchScreen.xib;
			sourceTree = "<group>";
		};
/* End PBXVariantGroup section */

/* Begin XCBuildConfiguration section */
		70BB593E1A93F192004AEF4D /* Debug */ = {
			isa = XCBuildConfiguration;
			buildSettings = {
				ALWAYS_SEARCH_USER_PATHS = NO;
				CLANG_CXX_LANGUAGE_STANDARD = "gnu++0x";
				CLANG_CXX_LIBRARY = "libc++";
				CLANG_ENABLE_MODULES = YES;
				CLANG_ENABLE_OBJC_ARC = YES;
				CLANG_WARN_BOOL_CONVERSION = YES;
				CLANG_WARN_CONSTANT_CONVERSION = YES;
				CLANG_WARN_DIRECT_OBJC_ISA_USAGE = YES_ERROR;
				CLANG_WARN_EMPTY_BODY = YES;
				CLANG_WARN_ENUM_CONVERSION = YES;
				CLANG_WARN_INT_CONVERSION = YES;
				CLANG_WARN_OBJC_ROOT_CLASS = YES_ERROR;
				CLANG_WARN_UNREACHABLE_CODE = YES;
				CLANG_WARN__DUPLICATE_METHOD_MATCH = YES;
				"CODE_SIGN_IDENTITY[sdk=iphoneos*]" = "iPhone Developer";
				COPY_PHASE_STRIP = NO;
				ENABLE_STRICT_OBJC_MSGSEND = YES;
				GCC_C_LANGUAGE_STANDARD = gnu99;
				GCC_DYNAMIC_NO_PIC = NO;
				GCC_OPTIMIZATION_LEVEL = 0;
				GCC_PREPROCESSOR_DEFINITIONS = (
					"DEBUG=1",
					"$(inherited)",
				);
				GCC_SYMBOLS_PRIVATE_EXTERN = NO;
				GCC_WARN_64_TO_32_BIT_CONVERSION = YES;
				GCC_WARN_ABOUT_RETURN_TYPE = YES_ERROR;
				GCC_WARN_UNDECLARED_SELECTOR = YES;
				GCC_WARN_UNINITIALIZED_AUTOS = YES_AGGRESSIVE;
				GCC_WARN_UNUSED_FUNCTION = YES;
				GCC_WARN_UNUSED_VARIABLE = YES;
				IPHONEOS_DEPLOYMENT_TARGET = 8.1;
				MTL_ENABLE_DEBUG_INFO = YES;
				ONLY_ACTIVE_ARCH = YES;
				SDKROOT = iphoneos;
				SWIFT_OPTIMIZATION_LEVEL = "-Onone";
			};
			name = Debug;
		};
		70BB593F1A93F192004AEF4D /* Release */ = {
			isa = XCBuildConfiguration;
			buildSettings = {
				ALWAYS_SEARCH_USER_PATHS = NO;
				CLANG_CXX_LANGUAGE_STANDARD = "gnu++0x";
				CLANG_CXX_LIBRARY = "libc++";
				CLANG_ENABLE_MODULES = YES;
				CLANG_ENABLE_OBJC_ARC = YES;
				CLANG_WARN_BOOL_CONVERSION = YES;
				CLANG_WARN_CONSTANT_CONVERSION = YES;
				CLANG_WARN_DIRECT_OBJC_ISA_USAGE = YES_ERROR;
				CLANG_WARN_EMPTY_BODY = YES;
				CLANG_WARN_ENUM_CONVERSION = YES;
				CLANG_WARN_INT_CONVERSION = YES;
				CLANG_WARN_OBJC_ROOT_CLASS = YES_ERROR;
				CLANG_WARN_UNREACHABLE_CODE = YES;
				CLANG_WARN__DUPLICATE_METHOD_MATCH = YES;
				"CODE_SIGN_IDENTITY[sdk=iphoneos*]" = "iPhone Developer";
				COPY_PHASE_STRIP = YES;
				ENABLE_NS_ASSERTIONS = NO;
				ENABLE_STRICT_OBJC_MSGSEND = YES;
				GCC_C_LANGUAGE_STANDARD = gnu99;
				GCC_WARN_64_TO_32_BIT_CONVERSION = YES;
				GCC_WARN_ABOUT_RETURN_TYPE = YES_ERROR;
				GCC_WARN_UNDECLARED_SELECTOR = YES;
				GCC_WARN_UNINITIALIZED_AUTOS = YES_AGGRESSIVE;
				GCC_WARN_UNUSED_FUNCTION = YES;
				GCC_WARN_UNUSED_VARIABLE = YES;
				IPHONEOS_DEPLOYMENT_TARGET = 8.1;
				MTL_ENABLE_DEBUG_INFO = NO;
				SDKROOT = iphoneos;
				VALIDATE_PRODUCT = YES;
			};
			name = Release;
		};
		70BB59411A93F192004AEF4D /* Debug */ = {
			isa = XCBuildConfiguration;
			buildSettings = {
				ASSETCATALOG_COMPILER_APPICON_NAME = AppIcon;
				INFOPLIST_FILE = Checkers/Info.plist;
				LD_RUNPATH_SEARCH_PATHS = "$(inherited) @executable_path/Frameworks";
				PRODUCT_NAME = "$(TARGET_NAME)";
			};
			name = Debug;
		};
		70BB59421A93F192004AEF4D /* Release */ = {
			isa = XCBuildConfiguration;
			buildSettings = {
				ASSETCATALOG_COMPILER_APPICON_NAME = AppIcon;
				INFOPLIST_FILE = Checkers/Info.plist;
				LD_RUNPATH_SEARCH_PATHS = "$(inherited) @executable_path/Frameworks";
				PRODUCT_NAME = "$(TARGET_NAME)";
			};
			name = Release;
		};
		70BB59441A93F192004AEF4D /* Debug */ = {
			isa = XCBuildConfiguration;
			buildSettings = {
				BUNDLE_LOADER = "$(TEST_HOST)";
				FRAMEWORK_SEARCH_PATHS = (
					"$(SDKROOT)/Developer/Library/Frameworks",
					"$(inherited)",
				);
				GCC_PREPROCESSOR_DEFINITIONS = (
					"DEBUG=1",
					"$(inherited)",
				);
				INFOPLIST_FILE = CheckersTests/Info.plist;
				LD_RUNPATH_SEARCH_PATHS = "$(inherited) @executable_path/Frameworks @loader_path/Frameworks";
				PRODUCT_NAME = "$(TARGET_NAME)";
				TEST_HOST = "$(BUILT_PRODUCTS_DIR)/Checkers.app/Checkers";
			};
			name = Debug;
		};
		70BB59451A93F192004AEF4D /* Release */ = {
			isa = XCBuildConfiguration;
			buildSettings = {
				BUNDLE_LOADER = "$(TEST_HOST)";
				FRAMEWORK_SEARCH_PATHS = (
					"$(SDKROOT)/Developer/Library/Frameworks",
					"$(inherited)",
				);
				INFOPLIST_FILE = CheckersTests/Info.plist;
				LD_RUNPATH_SEARCH_PATHS = "$(inherited) @executable_path/Frameworks @loader_path/Frameworks";
				PRODUCT_NAME = "$(TARGET_NAME)";
				TEST_HOST = "$(BUILT_PRODUCTS_DIR)/Checkers.app/Checkers";
			};
			name = Release;
		};
/* End XCBuildConfiguration section */

/* Begin XCConfigurationList section */
		70BB591C1A93F192004AEF4D /* Build configuration list for PBXProject "Checkers" */ = {
			isa = XCConfigurationList;
			buildConfigurations = (
				70BB593E1A93F192004AEF4D /* Debug */,
				70BB593F1A93F192004AEF4D /* Release */,
			);
			defaultConfigurationIsVisible = 0;
			defaultConfigurationName = Release;
		};
		70BB59401A93F192004AEF4D /* Build configuration list for PBXNativeTarget "Checkers" */ = {
			isa = XCConfigurationList;
			buildConfigurations = (
				70BB59411A93F192004AEF4D /* Debug */,
				70BB59421A93F192004AEF4D /* Release */,
			);
			defaultConfigurationIsVisible = 0;
			defaultConfigurationName = Release;
		};
		70BB59431A93F192004AEF4D /* Build configuration list for PBXNativeTarget "CheckersTests" */ = {
			isa = XCConfigurationList;
			buildConfigurations = (
				70BB59441A93F192004AEF4D /* Debug */,
				70BB59451A93F192004AEF4D /* Release */,
			);
			defaultConfigurationIsVisible = 0;
			defaultConfigurationName = Release;
		};
/* End XCConfigurationList section */
	};
	rootObject = 70BB59191A93F192004AEF4D /* Project object */;
}
